// !$*UTF8*$!
{
	archiveVersion = 1;
	classes = {
	};
	objectVersion = 46;
	objects = {

/* Begin PBXBuildFile section */
		0731D3B824204D62009CAE85 /* Expo.plist in Resources */ = {isa = PBXBuildFile; fileRef = 0731D3B524204D62009CAE85 /* Expo.plist */; };
		13B07FBC1A68108700A75B9A /* AppDelegate.m in Sources */ = {isa = PBXBuildFile; fileRef = 13B07FB01A68108700A75B9A /* AppDelegate.m */; };
		13B07FBD1A68108700A75B9A /* LaunchScreen.xib in Resources */ = {isa = PBXBuildFile; fileRef = 13B07FB11A68108700A75B9A /* LaunchScreen.xib */; };
		13B07FBF1A68108700A75B9A /* Images.xcassets in Resources */ = {isa = PBXBuildFile; fileRef = 13B07FB51A68108700A75B9A /* Images.xcassets */; };
		13B07FC11A68108700A75B9A /* main.m in Sources */ = {isa = PBXBuildFile; fileRef = 13B07FB71A68108700A75B9A /* main.m */; };
		3DE4DAD41476765101945408 /* libPods-nativeUIModulesTest.a in Frameworks */ = {isa = PBXBuildFile; fileRef = D43FF9D506E70904424FA7E9 /* libPods-nativeUIModulesTest.a */; };
		880EC304247666A400944AE6 /* RedBoxTestView.swift in Sources */ = {isa = PBXBuildFile; fileRef = 880EC303247666A400944AE6 /* RedBoxTestView.swift */; };
		880EC3062476684500944AE6 /* RedBoxTestViewManager.swift in Sources */ = {isa = PBXBuildFile; fileRef = 880EC3052476684500944AE6 /* RedBoxTestViewManager.swift */; };
		880EC308247668F200944AE6 /* RedBoxTestViewManager.m in Sources */ = {isa = PBXBuildFile; fileRef = 880EC307247668F200944AE6 /* RedBoxTestViewManager.m */; };
		880EC30C247688DD00944AE6 /* ChildTestView.swift in Sources */ = {isa = PBXBuildFile; fileRef = 880EC30B247688DD00944AE6 /* ChildTestView.swift */; };
		880EC30E2476895000944AE6 /* ChildTestViewManager.swift in Sources */ = {isa = PBXBuildFile; fileRef = 880EC30D2476895000944AE6 /* ChildTestViewManager.swift */; };
		880EC310247689B400944AE6 /* ChildTestViewManager.m in Sources */ = {isa = PBXBuildFile; fileRef = 880EC30F247689B400944AE6 /* ChildTestViewManager.m */; };
		880EC3132476E43800944AE6 /* UIPageViewController.swift in Sources */ = {isa = PBXBuildFile; fileRef = 880EC3122476E43800944AE6 /* UIPageViewController.swift */; };
		880EC3152476E50100944AE6 /* UIPageViewManager.swift in Sources */ = {isa = PBXBuildFile; fileRef = 880EC3142476E50100944AE6 /* UIPageViewManager.swift */; };
		880EC3172476E54D00944AE6 /* UIPageView.swift in Sources */ = {isa = PBXBuildFile; fileRef = 880EC3162476E54D00944AE6 /* UIPageView.swift */; };
		880EC31B2476E6E800944AE6 /* UIView+Helpers.swift in Sources */ = {isa = PBXBuildFile; fileRef = 880EC31A2476E6E800944AE6 /* UIView+Helpers.swift */; };
		880EC31D2476E80800944AE6 /* UIPageViewManager.m in Sources */ = {isa = PBXBuildFile; fileRef = 880EC31C2476E80800944AE6 /* UIPageViewManager.m */; };
		880EC3222479124300944AE6 /* RCTUIButtonManager.swift in Sources */ = {isa = PBXBuildFile; fileRef = 880EC3212479124300944AE6 /* RCTUIButtonManager.swift */; };
		880EC32724796D1800944AE6 /* RCTUIButton.swift in Sources */ = {isa = PBXBuildFile; fileRef = 880EC32624796D1800944AE6 /* RCTUIButton.swift */; };
		880EC32A24796E1E00944AE6 /* RCTUIButtonManager.m in Sources */ = {isa = PBXBuildFile; fileRef = 880EC32924796E1E00944AE6 /* RCTUIButtonManager.m */; };
		88532BE3247EF1F000FD6817 /* ExampleUIPageView.swift in Sources */ = {isa = PBXBuildFile; fileRef = 88532BE2247EF1F000FD6817 /* ExampleUIPageView.swift */; };
		88532BE5247EF69A00FD6817 /* ExampleUIPageViewManager.swift in Sources */ = {isa = PBXBuildFile; fileRef = 88532BE4247EF69A00FD6817 /* ExampleUIPageViewManager.swift */; };
		88532BE7247EF72100FD6817 /* ExampleUIPageViewManager.m in Sources */ = {isa = PBXBuildFile; fileRef = 88532BE6247EF72100FD6817 /* ExampleUIPageViewManager.m */; };
		88C10348247EA77D0063B7EF /* ExampleUIPageViewController.swift in Sources */ = {isa = PBXBuildFile; fileRef = 88C10347247EA77D0063B7EF /* ExampleUIPageViewController.swift */; };
		88E13768248A66FC007C69D5 /* BlueBoxTestView.swift in Sources */ = {isa = PBXBuildFile; fileRef = 88E13767248A66FC007C69D5 /* BlueBoxTestView.swift */; };
		88E1376A248A67D9007C69D5 /* BlueBoxTestiewManager.swift in Sources */ = {isa = PBXBuildFile; fileRef = 88E13769248A67D9007C69D5 /* BlueBoxTestiewManager.swift */; };
		88E1376C248A683E007C69D5 /* BlueBoxTestiewManager.m in Sources */ = {isa = PBXBuildFile; fileRef = 88E1376B248A683E007C69D5 /* BlueBoxTestiewManager.m */; };
		99EC63CFB4B549BBAF093D10 /* SplashScreen.storyboard in Resources */ = {isa = PBXBuildFile; fileRef = E3ABB89D1E68496EB7D95742 /* SplashScreen.storyboard */; };
/* End PBXBuildFile section */

/* Begin PBXFileReference section */
		008F07F21AC5B25A0029DE68 /* main.jsbundle */ = {isa = PBXFileReference; fileEncoding = 4; lastKnownFileType = text; path = main.jsbundle; sourceTree = "<group>"; };
		0731D3B524204D62009CAE85 /* Expo.plist */ = {isa = PBXFileReference; fileEncoding = 4; lastKnownFileType = text.plist.xml; name = Expo.plist; path = nativeUIModulesTest/Supporting/Expo.plist; sourceTree = "<group>"; };
		13B07F961A680F5B00A75B9A /* nativeUIModulesTest.app */ = {isa = PBXFileReference; explicitFileType = wrapper.application; includeInIndex = 0; path = nativeUIModulesTest.app; sourceTree = BUILT_PRODUCTS_DIR; };
		13B07FAF1A68108700A75B9A /* AppDelegate.h */ = {isa = PBXFileReference; fileEncoding = 4; lastKnownFileType = sourcecode.c.h; name = AppDelegate.h; path = nativeUIModulesTest/AppDelegate.h; sourceTree = "<group>"; };
		13B07FB01A68108700A75B9A /* AppDelegate.m */ = {isa = PBXFileReference; fileEncoding = 4; lastKnownFileType = sourcecode.c.objc; name = AppDelegate.m; path = nativeUIModulesTest/AppDelegate.m; sourceTree = "<group>"; };
		13B07FB21A68108700A75B9A /* Base */ = {isa = PBXFileReference; lastKnownFileType = file.xib; name = Base; path = Base.lproj/LaunchScreen.xib; sourceTree = "<group>"; };
		13B07FB51A68108700A75B9A /* Images.xcassets */ = {isa = PBXFileReference; lastKnownFileType = folder.assetcatalog; name = Images.xcassets; path = nativeUIModulesTest/Images.xcassets; sourceTree = "<group>"; };
		13B07FB61A68108700A75B9A /* Info.plist */ = {isa = PBXFileReference; fileEncoding = 4; lastKnownFileType = text.plist.xml; name = Info.plist; path = nativeUIModulesTest/Info.plist; sourceTree = "<group>"; };
		13B07FB71A68108700A75B9A /* main.m */ = {isa = PBXFileReference; fileEncoding = 4; lastKnownFileType = sourcecode.c.objc; name = main.m; path = nativeUIModulesTest/main.m; sourceTree = "<group>"; };
		2D16E6891FA4F8E400B85C8A /* libReact.a */ = {isa = PBXFileReference; explicitFileType = archive.ar; path = libReact.a; sourceTree = BUILT_PRODUCTS_DIR; };
		3B47C5AFCB8BDE514B7D1AC6 /* Pods-nativeUIModulesTest.debug.xcconfig */ = {isa = PBXFileReference; includeInIndex = 1; lastKnownFileType = text.xcconfig; name = "Pods-nativeUIModulesTest.debug.xcconfig"; path = "Target Support Files/Pods-nativeUIModulesTest/Pods-nativeUIModulesTest.debug.xcconfig"; sourceTree = "<group>"; };
		880EC2FF2476662700944AE6 /* nativeUIModulesTest-Bridging-Header.h */ = {isa = PBXFileReference; lastKnownFileType = sourcecode.c.h; path = "nativeUIModulesTest-Bridging-Header.h"; sourceTree = "<group>"; };
		880EC303247666A400944AE6 /* RedBoxTestView.swift */ = {isa = PBXFileReference; lastKnownFileType = sourcecode.swift; path = RedBoxTestView.swift; sourceTree = "<group>"; };
		880EC3052476684500944AE6 /* RedBoxTestViewManager.swift */ = {isa = PBXFileReference; lastKnownFileType = sourcecode.swift; path = RedBoxTestViewManager.swift; sourceTree = "<group>"; };
		880EC307247668F200944AE6 /* RedBoxTestViewManager.m */ = {isa = PBXFileReference; lastKnownFileType = sourcecode.c.objc; path = RedBoxTestViewManager.m; sourceTree = "<group>"; };
		880EC30B247688DD00944AE6 /* ChildTestView.swift */ = {isa = PBXFileReference; lastKnownFileType = sourcecode.swift; path = ChildTestView.swift; sourceTree = "<group>"; };
		880EC30D2476895000944AE6 /* ChildTestViewManager.swift */ = {isa = PBXFileReference; lastKnownFileType = sourcecode.swift; path = ChildTestViewManager.swift; sourceTree = "<group>"; };
		880EC30F247689B400944AE6 /* ChildTestViewManager.m */ = {isa = PBXFileReference; lastKnownFileType = sourcecode.c.objc; path = ChildTestViewManager.m; sourceTree = "<group>"; };
		880EC3122476E43800944AE6 /* UIPageViewController.swift */ = {isa = PBXFileReference; lastKnownFileType = sourcecode.swift; path = UIPageViewController.swift; sourceTree = "<group>"; };
		880EC3142476E50100944AE6 /* UIPageViewManager.swift */ = {isa = PBXFileReference; lastKnownFileType = sourcecode.swift; path = UIPageViewManager.swift; sourceTree = "<group>"; };
		880EC3162476E54D00944AE6 /* UIPageView.swift */ = {isa = PBXFileReference; lastKnownFileType = sourcecode.swift; path = UIPageView.swift; sourceTree = "<group>"; };
		880EC31A2476E6E800944AE6 /* UIView+Helpers.swift */ = {isa = PBXFileReference; lastKnownFileType = sourcecode.swift; path = "UIView+Helpers.swift"; sourceTree = "<group>"; };
		880EC31C2476E80800944AE6 /* UIPageViewManager.m */ = {isa = PBXFileReference; lastKnownFileType = sourcecode.c.objc; path = UIPageViewManager.m; sourceTree = "<group>"; };
		880EC3212479124300944AE6 /* RCTUIButtonManager.swift */ = {isa = PBXFileReference; lastKnownFileType = sourcecode.swift; path = RCTUIButtonManager.swift; sourceTree = "<group>"; };
		880EC32624796D1800944AE6 /* RCTUIButton.swift */ = {isa = PBXFileReference; lastKnownFileType = sourcecode.swift; path = RCTUIButton.swift; sourceTree = "<group>"; };
		880EC32924796E1E00944AE6 /* RCTUIButtonManager.m */ = {isa = PBXFileReference; lastKnownFileType = sourcecode.c.objc; path = RCTUIButtonManager.m; sourceTree = "<group>"; };
		88532BE2247EF1F000FD6817 /* ExampleUIPageView.swift */ = {isa = PBXFileReference; lastKnownFileType = sourcecode.swift; path = ExampleUIPageView.swift; sourceTree = "<group>"; };
		88532BE4247EF69A00FD6817 /* ExampleUIPageViewManager.swift */ = {isa = PBXFileReference; lastKnownFileType = sourcecode.swift; path = ExampleUIPageViewManager.swift; sourceTree = "<group>"; };
		88532BE6247EF72100FD6817 /* ExampleUIPageViewManager.m */ = {isa = PBXFileReference; lastKnownFileType = sourcecode.c.objc; path = ExampleUIPageViewManager.m; sourceTree = "<group>"; };
		88C10347247EA77D0063B7EF /* ExampleUIPageViewController.swift */ = {isa = PBXFileReference; lastKnownFileType = sourcecode.swift; path = ExampleUIPageViewController.swift; sourceTree = "<group>"; };
		88E13767248A66FC007C69D5 /* BlueBoxTestView.swift */ = {isa = PBXFileReference; lastKnownFileType = sourcecode.swift; path = BlueBoxTestView.swift; sourceTree = "<group>"; };
		88E13769248A67D9007C69D5 /* BlueBoxTestiewManager.swift */ = {isa = PBXFileReference; lastKnownFileType = sourcecode.swift; path = BlueBoxTestiewManager.swift; sourceTree = "<group>"; };
		88E1376B248A683E007C69D5 /* BlueBoxTestiewManager.m */ = {isa = PBXFileReference; lastKnownFileType = sourcecode.c.objc; path = BlueBoxTestiewManager.m; sourceTree = "<group>"; };
		8AC623DBF3A3E2CB072F81F2 /* Pods-nativeUIModulesTest.release.xcconfig */ = {isa = PBXFileReference; includeInIndex = 1; lastKnownFileType = text.xcconfig; name = "Pods-nativeUIModulesTest.release.xcconfig"; path = "Target Support Files/Pods-nativeUIModulesTest/Pods-nativeUIModulesTest.release.xcconfig"; sourceTree = "<group>"; };
		D43FF9D506E70904424FA7E9 /* libPods-nativeUIModulesTest.a */ = {isa = PBXFileReference; explicitFileType = archive.ar; includeInIndex = 0; path = "libPods-nativeUIModulesTest.a"; sourceTree = BUILT_PRODUCTS_DIR; };
		E3ABB89D1E68496EB7D95742 /* SplashScreen.storyboard */ = {isa = PBXFileReference; fileEncoding = 4; lastKnownFileType = file.storyboard; name = SplashScreen.storyboard; path = nativeUIModulesTest/SplashScreen.storyboard; sourceTree = "<group>"; };
		ED297162215061F000B7C4FE /* JavaScriptCore.framework */ = {isa = PBXFileReference; lastKnownFileType = wrapper.framework; name = JavaScriptCore.framework; path = System/Library/Frameworks/JavaScriptCore.framework; sourceTree = SDKROOT; };
		ED2971642150620600B7C4FE /* JavaScriptCore.framework */ = {isa = PBXFileReference; lastKnownFileType = wrapper.framework; name = JavaScriptCore.framework; path = Platforms/AppleTVOS.platform/Developer/SDKs/AppleTVOS12.0.sdk/System/Library/Frameworks/JavaScriptCore.framework; sourceTree = DEVELOPER_DIR; };
/* End PBXFileReference section */

/* Begin PBXFrameworksBuildPhase section */
		13B07F8C1A680F5B00A75B9A /* Frameworks */ = {
			isa = PBXFrameworksBuildPhase;
			buildActionMask = 2147483647;
			files = (
				3DE4DAD41476765101945408 /* libPods-nativeUIModulesTest.a in Frameworks */,
			);
			runOnlyForDeploymentPostprocessing = 0;
		};
/* End PBXFrameworksBuildPhase section */

/* Begin PBXGroup section */
		13B07FAE1A68108700A75B9A /* nativeUIModulesTest */ = {
			isa = PBXGroup;
			children = (
				880EC3192476E6C500944AE6 /* Extensions */,
				880EC2FA2476658F00944AE6 /* React Native */,
				008F07F21AC5B25A0029DE68 /* main.jsbundle */,
				13B07FAF1A68108700A75B9A /* AppDelegate.h */,
				13B07FB01A68108700A75B9A /* AppDelegate.m */,
				13B07FB51A68108700A75B9A /* Images.xcassets */,
				13B07FB61A68108700A75B9A /* Info.plist */,
				13B07FB11A68108700A75B9A /* LaunchScreen.xib */,
				13B07FB71A68108700A75B9A /* main.m */,
				0731D3B524204D62009CAE85 /* Expo.plist */,
				E3ABB89D1E68496EB7D95742 /* SplashScreen.storyboard */,
				880EC2FF2476662700944AE6 /* nativeUIModulesTest-Bridging-Header.h */,
			);
			name = nativeUIModulesTest;
			sourceTree = "<group>";
		};
		2D16E6871FA4F8E400B85C8A /* Frameworks */ = {
			isa = PBXGroup;
			children = (
				ED297162215061F000B7C4FE /* JavaScriptCore.framework */,
				ED2971642150620600B7C4FE /* JavaScriptCore.framework */,
				2D16E6891FA4F8E400B85C8A /* libReact.a */,
				D43FF9D506E70904424FA7E9 /* libPods-nativeUIModulesTest.a */,
			);
			name = Frameworks;
			sourceTree = "<group>";
		};
		72E5486571395D51695C2A02 /* Pods */ = {
			isa = PBXGroup;
			children = (
				3B47C5AFCB8BDE514B7D1AC6 /* Pods-nativeUIModulesTest.debug.xcconfig */,
				8AC623DBF3A3E2CB072F81F2 /* Pods-nativeUIModulesTest.release.xcconfig */,
			);
			path = Pods;
			sourceTree = "<group>";
		};
		832341AE1AAA6A7D00B99B32 /* Libraries */ = {
			isa = PBXGroup;
			children = (
			);
			name = Libraries;
			sourceTree = "<group>";
		};
		83CBB9F61A601CBA00E9B192 = {
			isa = PBXGroup;
			children = (
				13B07FAE1A68108700A75B9A /* nativeUIModulesTest */,
				832341AE1AAA6A7D00B99B32 /* Libraries */,
				83CBBA001A601CBA00E9B192 /* Products */,
				2D16E6871FA4F8E400B85C8A /* Frameworks */,
				72E5486571395D51695C2A02 /* Pods */,
			);
			indentWidth = 2;
			sourceTree = "<group>";
			tabWidth = 2;
			usesTabs = 0;
		};
		83CBBA001A601CBA00E9B192 /* Products */ = {
			isa = PBXGroup;
			children = (
				13B07F961A680F5B00A75B9A /* nativeUIModulesTest.app */,
			);
			name = Products;
			sourceTree = "<group>";
		};
		880EC2FA2476658F00944AE6 /* React Native */ = {
			isa = PBXGroup;
			children = (
				880EC2FB247665A500944AE6 /* Components */,
			);
			path = "React Native";
			sourceTree = "<group>";
		};
		880EC2FB247665A500944AE6 /* Components */ = {
			isa = PBXGroup;
			children = (
				88E13766248A6628007C69D5 /* BlueBoxTestView */,
				88C10346247EA65C0063B7EF /* ExampleUIPageView */,
				880EC31E247911F600944AE6 /* RCTUIButton */,
				880EC3112476E3F700944AE6 /* UIPageView */,
				880EC30A2476889100944AE6 /* ChildTestView */,
				880EC3022476667C00944AE6 /* RedBoxTestView */,
			);
			path = Components;
			sourceTree = "<group>";
		};
		880EC3022476667C00944AE6 /* RedBoxTestView */ = {
			isa = PBXGroup;
			children = (
				880EC303247666A400944AE6 /* RedBoxTestView.swift */,
				880EC3052476684500944AE6 /* RedBoxTestViewManager.swift */,
				880EC307247668F200944AE6 /* RedBoxTestViewManager.m */,
			);
			path = RedBoxTestView;
			sourceTree = "<group>";
		};
		880EC30A2476889100944AE6 /* ChildTestView */ = {
			isa = PBXGroup;
			children = (
				880EC30B247688DD00944AE6 /* ChildTestView.swift */,
				880EC30D2476895000944AE6 /* ChildTestViewManager.swift */,
				880EC30F247689B400944AE6 /* ChildTestViewManager.m */,
			);
			path = ChildTestView;
			sourceTree = "<group>";
		};
		880EC3112476E3F700944AE6 /* UIPageView */ = {
			isa = PBXGroup;
			children = (
				880EC3122476E43800944AE6 /* UIPageViewController.swift */,
				880EC3142476E50100944AE6 /* UIPageViewManager.swift */,
				880EC3162476E54D00944AE6 /* UIPageView.swift */,
				880EC31C2476E80800944AE6 /* UIPageViewManager.m */,
			);
			path = UIPageView;
			sourceTree = "<group>";
		};
		880EC3192476E6C500944AE6 /* Extensions */ = {
			isa = PBXGroup;
			children = (
				880EC31A2476E6E800944AE6 /* UIView+Helpers.swift */,
			);
			path = Extensions;
			sourceTree = "<group>";
		};
		880EC31E247911F600944AE6 /* RCTUIButton */ = {
			isa = PBXGroup;
			children = (
				880EC3212479124300944AE6 /* RCTUIButtonManager.swift */,
				880EC32624796D1800944AE6 /* RCTUIButton.swift */,
				880EC32924796E1E00944AE6 /* RCTUIButtonManager.m */,
			);
			path = RCTUIButton;
			sourceTree = "<group>";
		};
		88C10346247EA65C0063B7EF /* ExampleUIPageView */ = {
			isa = PBXGroup;
			children = (
				88C10347247EA77D0063B7EF /* ExampleUIPageViewController.swift */,
				88532BE2247EF1F000FD6817 /* ExampleUIPageView.swift */,
				88532BE4247EF69A00FD6817 /* ExampleUIPageViewManager.swift */,
				88532BE6247EF72100FD6817 /* ExampleUIPageViewManager.m */,
			);
			path = ExampleUIPageView;
			sourceTree = "<group>";
		};
		88E13766248A6628007C69D5 /* BlueBoxTestView */ = {
			isa = PBXGroup;
			children = (
				88E13767248A66FC007C69D5 /* BlueBoxTestView.swift */,
				88E13769248A67D9007C69D5 /* BlueBoxTestiewManager.swift */,
				88E1376B248A683E007C69D5 /* BlueBoxTestiewManager.m */,
			);
			path = BlueBoxTestView;
			sourceTree = "<group>";
		};
/* End PBXGroup section */

/* Begin PBXNativeTarget section */
		13B07F861A680F5B00A75B9A /* nativeUIModulesTest */ = {
			isa = PBXNativeTarget;
			buildConfigurationList = 13B07F931A680F5B00A75B9A /* Build configuration list for PBXNativeTarget "nativeUIModulesTest" */;
			buildPhases = (
				F8BC737F2AD7A05944D9E2A1 /* [CP] Check Pods Manifest.lock */,
				FD4C38642228810C00325AF5 /* Start Packager */,
				13B07F871A680F5B00A75B9A /* Sources */,
				13B07F8C1A680F5B00A75B9A /* Frameworks */,
				13B07F8E1A680F5B00A75B9A /* Resources */,
				00DD1BFF1BD5951E006B06BC /* Bundle React Native code and images */,
			);
			buildRules = (
			);
			dependencies = (
			);
			name = nativeUIModulesTest;
			productName = "Hello World";
			productReference = 13B07F961A680F5B00A75B9A /* nativeUIModulesTest.app */;
			productType = "com.apple.product-type.application";
		};
/* End PBXNativeTarget section */

/* Begin PBXProject section */
		83CBB9F71A601CBA00E9B192 /* Project object */ = {
			isa = PBXProject;
			attributes = {
				LastUpgradeCheck = 940;
				ORGANIZATIONNAME = Facebook;
				TargetAttributes = {
					13B07F861A680F5B00A75B9A = {
						LastSwiftMigration = 1130;
					};
				};
			};
			buildConfigurationList = 83CBB9FA1A601CBA00E9B192 /* Build configuration list for PBXProject "nativeUIModulesTest" */;
			compatibilityVersion = "Xcode 3.2";
			developmentRegion = English;
			hasScannedForEncodings = 0;
			knownRegions = (
				English,
				en,
				Base,
			);
			mainGroup = 83CBB9F61A601CBA00E9B192;
			productRefGroup = 83CBBA001A601CBA00E9B192 /* Products */;
			projectDirPath = "";
			projectRoot = "";
			targets = (
				13B07F861A680F5B00A75B9A /* nativeUIModulesTest */,
			);
		};
/* End PBXProject section */

/* Begin PBXResourcesBuildPhase section */
		13B07F8E1A680F5B00A75B9A /* Resources */ = {
			isa = PBXResourcesBuildPhase;
			buildActionMask = 2147483647;
			files = (
				0731D3B824204D62009CAE85 /* Expo.plist in Resources */,
				13B07FBF1A68108700A75B9A /* Images.xcassets in Resources */,
				13B07FBD1A68108700A75B9A /* LaunchScreen.xib in Resources */,
				99EC63CFB4B549BBAF093D10 /* SplashScreen.storyboard in Resources */,
			);
			runOnlyForDeploymentPostprocessing = 0;
		};
/* End PBXResourcesBuildPhase section */

/* Begin PBXShellScriptBuildPhase section */
		00DD1BFF1BD5951E006B06BC /* Bundle React Native code and images */ = {
			isa = PBXShellScriptBuildPhase;
			buildActionMask = 2147483647;
			files = (
			);
			inputPaths = (
			);
			name = "Bundle React Native code and images";
			outputPaths = (
			);
			runOnlyForDeploymentPostprocessing = 0;
			shellPath = /bin/sh;
			shellScript = "export NODE_BINARY=node\n../node_modules/react-native/scripts/react-native-xcode.sh\n../node_modules/expo-updates/scripts/create-manifest-ios.sh";
		};
		F8BC737F2AD7A05944D9E2A1 /* [CP] Check Pods Manifest.lock */ = {
			isa = PBXShellScriptBuildPhase;
			buildActionMask = 2147483647;
			files = (
			);
			inputFileListPaths = (
			);
			inputPaths = (
				"${PODS_PODFILE_DIR_PATH}/Podfile.lock",
				"${PODS_ROOT}/Manifest.lock",
			);
			name = "[CP] Check Pods Manifest.lock";
			outputFileListPaths = (
			);
			outputPaths = (
				"$(DERIVED_FILE_DIR)/Pods-nativeUIModulesTest-checkManifestLockResult.txt",
			);
			runOnlyForDeploymentPostprocessing = 0;
			shellPath = /bin/sh;
			shellScript = "diff \"${PODS_PODFILE_DIR_PATH}/Podfile.lock\" \"${PODS_ROOT}/Manifest.lock\" > /dev/null\nif [ $? != 0 ] ; then\n    # print error to STDERR\n    echo \"error: The sandbox is not in sync with the Podfile.lock. Run 'pod install' or update your CocoaPods installation.\" >&2\n    exit 1\nfi\n# This output is used by Xcode 'outputs' to avoid re-running this script phase.\necho \"SUCCESS\" > \"${SCRIPT_OUTPUT_FILE_0}\"\n";
			showEnvVarsInLog = 0;
		};
		FD4C38642228810C00325AF5 /* Start Packager */ = {
			isa = PBXShellScriptBuildPhase;
			buildActionMask = 2147483647;
			files = (
			);
			inputFileListPaths = (
			);
			inputPaths = (
			);
			name = "Start Packager";
			outputFileListPaths = (
			);
			outputPaths = (
			);
			runOnlyForDeploymentPostprocessing = 0;
			shellPath = /bin/sh;
			shellScript = "export RCT_METRO_PORT=\"${RCT_METRO_PORT:=8081}\"\necho \"export RCT_METRO_PORT=${RCT_METRO_PORT}\" > \"${SRCROOT}/../node_modules/react-native/scripts/.packager.env\"\nif [ -z \"${RCT_NO_LAUNCH_PACKAGER+xxx}\" ] ; then\n  if nc -w 5 -z localhost ${RCT_METRO_PORT} ; then\n    if ! curl -s \"http://localhost:${RCT_METRO_PORT}/status\" | grep -q \"packager-status:running\" ; then\n      echo \"Port ${RCT_METRO_PORT} already in use, packager is either not running or not running correctly\"\n      exit 2\n    fi\n  else\n    open \"$SRCROOT/../node_modules/react-native/scripts/launchPackager.command\" || echo \"Can't start packager automatically\"\n  fi\nfi\n";
			showEnvVarsInLog = 0;
		};
/* End PBXShellScriptBuildPhase section */

/* Begin PBXSourcesBuildPhase section */
		13B07F871A680F5B00A75B9A /* Sources */ = {
			isa = PBXSourcesBuildPhase;
			buildActionMask = 2147483647;
			files = (
				880EC308247668F200944AE6 /* RedBoxTestViewManager.m in Sources */,
				88532BE5247EF69A00FD6817 /* ExampleUIPageViewManager.swift in Sources */,
				880EC3152476E50100944AE6 /* UIPageViewManager.swift in Sources */,
				88532BE3247EF1F000FD6817 /* ExampleUIPageView.swift in Sources */,
				880EC310247689B400944AE6 /* ChildTestViewManager.m in Sources */,
				880EC30C247688DD00944AE6 /* ChildTestView.swift in Sources */,
				880EC3062476684500944AE6 /* RedBoxTestViewManager.swift in Sources */,
				880EC3132476E43800944AE6 /* UIPageViewController.swift in Sources */,
				880EC304247666A400944AE6 /* RedBoxTestView.swift in Sources */,
				880EC31D2476E80800944AE6 /* UIPageViewManager.m in Sources */,
				88C10348247EA77D0063B7EF /* ExampleUIPageViewController.swift in Sources */,
				880EC3172476E54D00944AE6 /* UIPageView.swift in Sources */,
				88532BE7247EF72100FD6817 /* ExampleUIPageViewManager.m in Sources */,
				880EC30E2476895000944AE6 /* ChildTestViewManager.swift in Sources */,
				13B07FBC1A68108700A75B9A /* AppDelegate.m in Sources */,
				880EC32A24796E1E00944AE6 /* RCTUIButtonManager.m in Sources */,
				880EC31B2476E6E800944AE6 /* UIView+Helpers.swift in Sources */,
				88E1376A248A67D9007C69D5 /* BlueBoxTestiewManager.swift in Sources */,
				880EC3222479124300944AE6 /* RCTUIButtonManager.swift in Sources */,
				13B07FC11A68108700A75B9A /* main.m in Sources */,
				88E1376C248A683E007C69D5 /* BlueBoxTestiewManager.m in Sources */,
				88E13768248A66FC007C69D5 /* BlueBoxTestView.swift in Sources */,
				880EC32724796D1800944AE6 /* RCTUIButton.swift in Sources */,
			);
			runOnlyForDeploymentPostprocessing = 0;
		};
/* End PBXSourcesBuildPhase section */

/* Begin PBXVariantGroup section */
		13B07FB11A68108700A75B9A /* LaunchScreen.xib */ = {
			isa = PBXVariantGroup;
			children = (
				13B07FB21A68108700A75B9A /* Base */,
			);
			name = LaunchScreen.xib;
			path = nativeUIModulesTest;
			sourceTree = "<group>";
		};
/* End PBXVariantGroup section */

/* Begin XCBuildConfiguration section */
		13B07F941A680F5B00A75B9A /* Debug */ = {
			isa = XCBuildConfiguration;
			baseConfigurationReference = 3B47C5AFCB8BDE514B7D1AC6 /* Pods-nativeUIModulesTest.debug.xcconfig */;
			buildSettings = {
				ASSETCATALOG_COMPILER_APPICON_NAME = AppIcon;
				CLANG_ENABLE_MODULES = YES;
				CURRENT_PROJECT_VERSION = 1;
				DEAD_CODE_STRIPPING = NO;
				INFOPLIST_FILE = nativeUIModulesTest/Info.plist;
				LD_RUNPATH_SEARCH_PATHS = "$(inherited) @executable_path/Frameworks";
				OTHER_LDFLAGS = (
					"$(inherited)",
					"-ObjC",
					"-lc++",
				);
				PRODUCT_BUNDLE_IDENTIFIER = "org.reactjs.native.example.$(PRODUCT_NAME:rfc1034identifier)";
				PRODUCT_NAME = nativeUIModulesTest;
				SWIFT_OBJC_BRIDGING_HEADER = "nativeUIModulesTest-Bridging-Header.h";
				SWIFT_OPTIMIZATION_LEVEL = "-Onone";
				SWIFT_VERSION = 5.0;
				VERSIONING_SYSTEM = "apple-generic";
			};
			name = Debug;
		};
		13B07F951A680F5B00A75B9A /* Release */ = {
			isa = XCBuildConfiguration;
			baseConfigurationReference = 8AC623DBF3A3E2CB072F81F2 /* Pods-nativeUIModulesTest.release.xcconfig */;
			buildSettings = {
				ASSETCATALOG_COMPILER_APPICON_NAME = AppIcon;
				CLANG_ENABLE_MODULES = YES;
				CURRENT_PROJECT_VERSION = 1;
				INFOPLIST_FILE = nativeUIModulesTest/Info.plist;
				LD_RUNPATH_SEARCH_PATHS = "$(inherited) @executable_path/Frameworks";
				OTHER_LDFLAGS = (
					"$(inherited)",
					"-ObjC",
					"-lc++",
				);
				PRODUCT_BUNDLE_IDENTIFIER = "org.reactjs.native.example.$(PRODUCT_NAME:rfc1034identifier)";
				PRODUCT_NAME = nativeUIModulesTest;
				SWIFT_OBJC_BRIDGING_HEADER = "nativeUIModulesTest-Bridging-Header.h";
				SWIFT_VERSION = 5.0;
				VERSIONING_SYSTEM = "apple-generic";
			};
			name = Release;
		};
		83CBBA201A601CBA00E9B192 /* Debug */ = {
			isa = XCBuildConfiguration;
			buildSettings = {
				ALWAYS_SEARCH_USER_PATHS = NO;
				CLANG_CXX_LANGUAGE_STANDARD = "gnu++0x";
				CLANG_CXX_LIBRARY = "libc++";
				CLANG_ENABLE_MODULES = YES;
				CLANG_ENABLE_OBJC_ARC = YES;
				CLANG_WARN_BLOCK_CAPTURE_AUTORELEASING = YES;
				CLANG_WARN_BOOL_CONVERSION = YES;
				CLANG_WARN_COMMA = YES;
				CLANG_WARN_CONSTANT_CONVERSION = YES;
				CLANG_WARN_DEPRECATED_OBJC_IMPLEMENTATIONS = YES;
				CLANG_WARN_DIRECT_OBJC_ISA_USAGE = YES_ERROR;
				CLANG_WARN_EMPTY_BODY = YES;
				CLANG_WARN_ENUM_CONVERSION = YES;
				CLANG_WARN_INFINITE_RECURSION = YES;
				CLANG_WARN_INT_CONVERSION = YES;
				CLANG_WARN_NON_LITERAL_NULL_CONVERSION = YES;
				CLANG_WARN_OBJC_IMPLICIT_RETAIN_SELF = YES;
				CLANG_WARN_OBJC_LITERAL_CONVERSION = YES;
				CLANG_WARN_OBJC_ROOT_CLASS = YES_ERROR;
				CLANG_WARN_RANGE_LOOP_ANALYSIS = YES;
				CLANG_WARN_STRICT_PROTOTYPES = YES;
				CLANG_WARN_SUSPICIOUS_MOVE = YES;
				CLANG_WARN_UNREACHABLE_CODE = YES;
				CLANG_WARN__DUPLICATE_METHOD_MATCH = YES;
				"CODE_SIGN_IDENTITY[sdk=iphoneos*]" = "iPhone Developer";
				COPY_PHASE_STRIP = NO;
				ENABLE_STRICT_OBJC_MSGSEND = YES;
				ENABLE_TESTABILITY = YES;
				GCC_C_LANGUAGE_STANDARD = gnu99;
				GCC_DYNAMIC_NO_PIC = NO;
				GCC_NO_COMMON_BLOCKS = YES;
				GCC_OPTIMIZATION_LEVEL = 0;
				GCC_PREPROCESSOR_DEFINITIONS = (
					"DEBUG=1",
					"$(inherited)",
				);
				GCC_SYMBOLS_PRIVATE_EXTERN = NO;
				GCC_WARN_64_TO_32_BIT_CONVERSION = YES;
				GCC_WARN_ABOUT_RETURN_TYPE = YES_ERROR;
				GCC_WARN_UNDECLARED_SELECTOR = YES;
				GCC_WARN_UNINITIALIZED_AUTOS = YES_AGGRESSIVE;
				GCC_WARN_UNUSED_FUNCTION = YES;
				GCC_WARN_UNUSED_VARIABLE = YES;
				IPHONEOS_DEPLOYMENT_TARGET = 9.0;
				MTL_ENABLE_DEBUG_INFO = YES;
				ONLY_ACTIVE_ARCH = YES;
				SDKROOT = iphoneos;
			};
			name = Debug;
		};
		83CBBA211A601CBA00E9B192 /* Release */ = {
			isa = XCBuildConfiguration;
			buildSettings = {
				ALWAYS_SEARCH_USER_PATHS = NO;
				CLANG_CXX_LANGUAGE_STANDARD = "gnu++0x";
				CLANG_CXX_LIBRARY = "libc++";
				CLANG_ENABLE_MODULES = YES;
				CLANG_ENABLE_OBJC_ARC = YES;
				CLANG_WARN_BLOCK_CAPTURE_AUTORELEASING = YES;
				CLANG_WARN_BOOL_CONVERSION = YES;
				CLANG_WARN_COMMA = YES;
				CLANG_WARN_CONSTANT_CONVERSION = YES;
				CLANG_WARN_DEPRECATED_OBJC_IMPLEMENTATIONS = YES;
				CLANG_WARN_DIRECT_OBJC_ISA_USAGE = YES_ERROR;
				CLANG_WARN_EMPTY_BODY = YES;
				CLANG_WARN_ENUM_CONVERSION = YES;
				CLANG_WARN_INFINITE_RECURSION = YES;
				CLANG_WARN_INT_CONVERSION = YES;
				CLANG_WARN_NON_LITERAL_NULL_CONVERSION = YES;
				CLANG_WARN_OBJC_IMPLICIT_RETAIN_SELF = YES;
				CLANG_WARN_OBJC_LITERAL_CONVERSION = YES;
				CLANG_WARN_OBJC_ROOT_CLASS = YES_ERROR;
				CLANG_WARN_RANGE_LOOP_ANALYSIS = YES;
				CLANG_WARN_STRICT_PROTOTYPES = YES;
				CLANG_WARN_SUSPICIOUS_MOVE = YES;
				CLANG_WARN_UNREACHABLE_CODE = YES;
				CLANG_WARN__DUPLICATE_METHOD_MATCH = YES;
				"CODE_SIGN_IDENTITY[sdk=iphoneos*]" = "iPhone Developer";
				COPY_PHASE_STRIP = YES;
				ENABLE_NS_ASSERTIONS = NO;
				ENABLE_STRICT_OBJC_MSGSEND = YES;
				GCC_C_LANGUAGE_STANDARD = gnu99;
				GCC_NO_COMMON_BLOCKS = YES;
				GCC_WARN_64_TO_32_BIT_CONVERSION = YES;
				GCC_WARN_ABOUT_RETURN_TYPE = YES_ERROR;
				GCC_WARN_UNDECLARED_SELECTOR = YES;
				GCC_WARN_UNINITIALIZED_AUTOS = YES_AGGRESSIVE;
				GCC_WARN_UNUSED_FUNCTION = YES;
				GCC_WARN_UNUSED_VARIABLE = YES;
				IPHONEOS_DEPLOYMENT_TARGET = 9.0;
				MTL_ENABLE_DEBUG_INFO = NO;
				SDKROOT = iphoneos;
				VALIDATE_PRODUCT = YES;
			};
			name = Release;
		};
/* End XCBuildConfiguration section */

/* Begin XCConfigurationList section */
		13B07F931A680F5B00A75B9A /* Build configuration list for PBXNativeTarget "nativeUIModulesTest" */ = {
			isa = XCConfigurationList;
			buildConfigurations = (
				13B07F941A680F5B00A75B9A /* Debug */,
				13B07F951A680F5B00A75B9A /* Release */,
			);
			defaultConfigurationIsVisible = 0;
			defaultConfigurationName = Release;
		};
		83CBB9FA1A601CBA00E9B192 /* Build configuration list for PBXProject "nativeUIModulesTest" */ = {
			isa = XCConfigurationList;
			buildConfigurations = (
				83CBBA201A601CBA00E9B192 /* Debug */,
				83CBBA211A601CBA00E9B192 /* Release */,
			);
			defaultConfigurationIsVisible = 0;
			defaultConfigurationName = Release;
		};
/* End XCConfigurationList section */
	};
	rootObject = 83CBB9F71A601CBA00E9B192 /* Project object */;
}
